{"format_version":"0.1","terraform_version":"0.15.0","planned_values":{"root_module":{"resources":[{"address":"aws_s3_bucket.mayanks281183bucket","mode":"managed","type":"aws_s3_bucket","name":"mayanks281183bucket","provider_name":"registry.terraform.io/hashicorp/aws","schema_version":0,"values":{"acl":"private","bucket":"mykshrtfbckend01","bucket_prefix":null,"cors_rule":[],"force_destroy":false,"grant":[],"lifecycle_rule":[],"logging":[],"policy":null,"replication_configuration":[],"server_side_encryption_configuration":[{"rule":[{"apply_server_side_encryption_by_default":[{"kms_master_key_id":null,"sse_algorithm":"AES256"}],"bucket_key_enabled":null}]}],"tags":null,"versioning":[{"enabled":true,"mfa_delete":false}],"website":[]}}],"child_modules":[{"resources":[{"address":"module.dev_ec2.aws_ebs_volume.basic_disk","mode":"managed","type":"aws_ebs_volume","name":"basic_disk","provider_name":"registry.terraform.io/hashicorp/aws","schema_version":0,"values":{"availability_zone":"ap-southeast-2b","multi_attach_enabled":null,"outpost_arn":null,"size":400,"tags":{"Name":"disk1"},"tags_all":{"Name":"disk1"}}},{"address":"module.dev_ec2.aws_instance.box","mode":"managed","type":"aws_instance","name":"box","provider_name":"registry.terraform.io/hashicorp/aws","schema_version":1,"values":{"ami":"ami-016461ac55b16fd05","credit_specification":[],"get_password_data":false,"hibernation":null,"iam_instance_profile":null,"instance_type":"t3.large","key_name":"testkp","launch_template":[],"source_dest_check":true,"tags":{"Builtby":"Terraform"},"tags_all":{"Builtby":"Terraform"},"timeouts":null,"volume_tags":null}},{"address":"module.dev_ec2.aws_volume_attachment.vol-attach","mode":"managed","type":"aws_volume_attachment","name":"vol-attach","provider_name":"registry.terraform.io/hashicorp/aws","schema_version":0,"values":{"device_name":"/dev/sdf","force_detach":null,"skip_destroy":null,"stop_instance_before_detaching":null}}],"address":"module.dev_ec2"},{"resources":[{"address":"module.dev_vpc.aws_eip.nat_eip","mode":"managed","type":"aws_eip","name":"nat_eip","provider_name":"registry.terraform.io/hashicorp/aws","schema_version":0,"values":{"address":null,"associate_with_private_ip":null,"customer_owned_ipv4_pool":null,"tags":null,"timeouts":null,"vpc":true}},{"address":"module.dev_vpc.aws_internet_gateway.igw001","mode":"managed","type":"aws_internet_gateway","name":"igw001","provider_name":"registry.terraform.io/hashicorp/aws","schema_version":0,"values":{"tags":{"Name":"igw"},"tags_all":{"Name":"igw"}}},{"address":"module.dev_vpc.aws_nat_gateway.NATGW","mode":"managed","type":"aws_nat_gateway","name":"NATGW","provider_name":"registry.terraform.io/hashicorp/aws","schema_version":0,"values":{"connectivity_type":"public","tags":{"Name":"Nat gw"},"tags_all":{"Name":"Nat gw"}}},{"address":"module.dev_vpc.aws_route.public","mode":"managed","type":"aws_route","name":"public","provider_name":"registry.terraform.io/hashicorp/aws","schema_version":0,"values":{"carrier_gateway_id":null,"destination_cidr_block":"0.0.0.0/0","destination_ipv6_cidr_block":null,"destination_prefix_list_id":null,"egress_only_gateway_id":null,"local_gateway_id":null,"nat_gateway_id":null,"timeouts":null,"transit_gateway_id":null,"vpc_endpoint_id":null,"vpc_peering_connection_id":null}},{"address":"module.dev_vpc.aws_route.via_natgw","mode":"managed","type":"aws_route","name":"via_natgw","provider_name":"registry.terraform.io/hashicorp/aws","schema_version":0,"values":{"carrier_gateway_id":null,"destination_cidr_block":"0.0.0.0/0","destination_ipv6_cidr_block":null,"destination_prefix_list_id":null,"egress_only_gateway_id":null,"gateway_id":null,"local_gateway_id":null,"timeouts":null,"transit_gateway_id":null,"vpc_endpoint_id":null,"vpc_peering_connection_id":null}},{"address":"module.dev_vpc.aws_route_table.External001","mode":"managed","type":"aws_route_table","name":"External001","provider_name":"registry.terraform.io/hashicorp/aws","schema_version":0,"values":{"tags":{"Name":"Route Table","Scheme":"Public via Nat Gw"},"tags_all":{"Name":"Route Table","Scheme":"Public via Nat Gw"},"timeouts":null}},{"address":"module.dev_vpc.aws_route_table.rt_public","mode":"managed","type":"aws_route_table","name":"rt_public","provider_name":"registry.terraform.io/hashicorp/aws","schema_version":0,"values":{"tags":{"Name":"public-rt"},"tags_all":{"Name":"public-rt"},"timeouts":null}},{"address":"module.dev_vpc.aws_route_table_association.external","mode":"managed","type":"aws_route_table_association","name":"external","provider_name":"registry.terraform.io/hashicorp/aws","schema_version":0,"values":{"gateway_id":null}},{"address":"module.dev_vpc.aws_route_table_association.public","mode":"managed","type":"aws_route_table_association","name":"public","provider_name":"registry.terraform.io/hashicorp/aws","schema_version":0,"values":{"gateway_id":null}},{"address":"module.dev_vpc.aws_security_group.Default_SG","mode":"managed","type":"aws_security_group","name":"Default_SG","provider_name":"registry.terraform.io/hashicorp/aws","schema_version":1,"values":{"description":"Default Security Group","egress":[{"cidr_blocks":[],"description":"Allow all internal","from_port":0,"ipv6_cidr_blocks":[],"prefix_list_ids":[],"protocol":"-1","security_groups":[],"self":true,"to_port":0}],"ingress":[{"cidr_blocks":[],"description":"Allow all internal","from_port":0,"ipv6_cidr_blocks":[],"prefix_list_ids":[],"protocol":"-1","security_groups":[],"self":true,"to_port":0}],"name":"Default Security Group","revoke_rules_on_delete":false,"tags":null,"timeouts":null}},{"address":"module.dev_vpc.aws_security_group.Open_to_WWW","mode":"managed","type":"aws_security_group","name":"Open_to_WWW","provider_name":"registry.terraform.io/hashicorp/aws","schema_version":1,"values":{"description":"SG Open to WWW","egress":[{"cidr_blocks":["0.0.0.0/0"],"description":"","from_port":0,"ipv6_cidr_blocks":[],"prefix_list_ids":[],"protocol":"-1","security_groups":[],"self":false,"to_port":0}],"ingress":[{"cidr_blocks":["0.0.0.0/0"],"description":"","from_port":22,"ipv6_cidr_blocks":[],"prefix_list_ids":[],"protocol":"tcp","security_groups":[],"self":false,"to_port":22}],"name":"Open to WWW","revoke_rules_on_delete":false,"tags":null,"timeouts":null}},{"address":"module.dev_vpc.aws_subnet.ext_subnet","mode":"managed","type":"aws_subnet","name":"ext_subnet","provider_name":"registry.terraform.io/hashicorp/aws","schema_version":1,"values":{"assign_ipv6_address_on_creation":false,"cidr_block":"10.0.1.0/24","customer_owned_ipv4_pool":null,"enable_dns64":false,"enable_resource_name_dns_a_record_on_launch":false,"enable_resource_name_dns_aaaa_record_on_launch":false,"ipv6_cidr_block":null,"ipv6_native":false,"map_customer_owned_ip_on_launch":null,"map_public_ip_on_launch":false,"outpost_arn":null,"tags":{"Environment":"dev","Name":"private"},"tags_all":{"Environment":"dev","Name":"private"},"timeouts":null,"vpc_id":""}},{"address":"module.dev_vpc.aws_subnet.int_subnet","mode":"managed","type":"aws_subnet","name":"int_subnet","provider_name":"registry.terraform.io/hashicorp/aws","schema_version":1,"values":{"assign_ipv6_address_on_creation":false,"cidr_block":"10.0.2.0/24","customer_owned_ipv4_pool":null,"enable_dns64":false,"enable_resource_name_dns_a_record_on_launch":false,"enable_resource_name_dns_aaaa_record_on_launch":false,"ipv6_cidr_block":null,"ipv6_native":false,"map_customer_owned_ip_on_launch":null,"map_public_ip_on_launch":false,"outpost_arn":null,"tags":{"Environment":"dev","Name":"private"},"tags_all":{"Environment":"dev","Name":"private"},"timeouts":null,"vpc_id":""}},{"address":"module.dev_vpc.aws_subnet.pub_subnet","mode":"managed","type":"aws_subnet","name":"pub_subnet","provider_name":"registry.terraform.io/hashicorp/aws","schema_version":1,"values":{"assign_ipv6_address_on_creation":false,"cidr_block":"10.0.3.0/24","customer_owned_ipv4_pool":null,"enable_dns64":false,"enable_resource_name_dns_a_record_on_launch":false,"enable_resource_name_dns_aaaa_record_on_launch":false,"ipv6_cidr_block":null,"ipv6_native":false,"map_customer_owned_ip_on_launch":null,"map_public_ip_on_launch":true,"outpost_arn":null,"tags":{"scheme":"ext"},"tags_all":{"scheme":"ext"},"timeouts":null,"vpc_id":""}},{"address":"module.dev_vpc.aws_vpc.main","mode":"managed","type":"aws_vpc","name":"main","provider_name":"registry.terraform.io/hashicorp/aws","schema_version":1,"values":{"assign_generated_ipv6_cidr_block":null,"cidr_block":"10.0.0.0/16","enable_dns_support":true,"instance_tenancy":"default","ipv4_ipam_pool_id":null,"ipv4_netmask_length":null,"ipv6_ipam_pool_id":null,"ipv6_netmask_length":null,"tags":{"Name":"random"},"tags_all":{"Name":"random"}}}],"address":"module.dev_vpc"}]}},"resource_changes":[{"address":"aws_s3_bucket.mayanks281183bucket","mode":"managed","type":"aws_s3_bucket","name":"mayanks281183bucket","provider_name":"registry.terraform.io/hashicorp/aws","change":{"actions":["create"],"before":null,"after":{"acl":"private","bucket":"mykshrtfbckend01","bucket_prefix":null,"cors_rule":[],"force_destroy":false,"grant":[],"lifecycle_rule":[],"logging":[],"policy":null,"replication_configuration":[],"server_side_encryption_configuration":[{"rule":[{"apply_server_side_encryption_by_default":[{"kms_master_key_id":null,"sse_algorithm":"AES256"}],"bucket_key_enabled":null}]}],"tags":null,"versioning":[{"enabled":true,"mfa_delete":false}],"website":[]},"after_unknown":{"acceleration_status":true,"arn":true,"bucket_domain_name":true,"bucket_regional_domain_name":true,"cors_rule":[],"grant":[],"hosted_zone_id":true,"id":true,"lifecycle_rule":[],"logging":[],"object_lock_configuration":true,"object_lock_enabled":true,"region":true,"replication_configuration":[],"request_payer":true,"server_side_encryption_configuration":[{"rule":[{"apply_server_side_encryption_by_default":[{}]}]}],"tags_all":true,"versioning":[{}],"website":[],"website_domain":true,"website_endpoint":true},"before_sensitive":false,"after_sensitive":{"cors_rule":[],"grant":[],"lifecycle_rule":[],"logging":[],"object_lock_configuration":[],"replication_configuration":[],"server_side_encryption_configuration":[{"rule":[{"apply_server_side_encryption_by_default":[{}]}]}],"tags_all":{},"versioning":[{}],"website":[]}}},{"address":"module.dev_ec2.aws_ebs_volume.basic_disk","module_address":"module.dev_ec2","mode":"managed","type":"aws_ebs_volume","name":"basic_disk","provider_name":"registry.terraform.io/hashicorp/aws","change":{"actions":["create"],"before":null,"after":{"availability_zone":"ap-southeast-2b","multi_attach_enabled":null,"outpost_arn":null,"size":400,"tags":{"Name":"disk1"},"tags_all":{"Name":"disk1"}},"after_unknown":{"arn":true,"encrypted":true,"id":true,"iops":true,"kms_key_id":true,"snapshot_id":true,"tags":{},"tags_all":{},"throughput":true,"type":true},"before_sensitive":false,"after_sensitive":{"tags":{},"tags_all":{}}}},{"address":"module.dev_ec2.aws_instance.box","module_address":"module.dev_ec2","mode":"managed","type":"aws_instance","name":"box","provider_name":"registry.terraform.io/hashicorp/aws","change":{"actions":["create"],"before":null,"after":{"ami":"ami-016461ac55b16fd05","credit_specification":[],"get_password_data":false,"hibernation":null,"iam_instance_profile":null,"instance_type":"t3.large","key_name":"testkp","launch_template":[],"source_dest_check":true,"tags":{"Builtby":"Terraform"},"tags_all":{"Builtby":"Terraform"},"timeouts":null,"volume_tags":null},"after_unknown":{"arn":true,"associate_public_ip_address":true,"availability_zone":true,"capacity_reservation_specification":true,"cpu_core_count":true,"cpu_threads_per_core":true,"credit_specification":[],"disable_api_termination":true,"ebs_block_device":true,"ebs_optimized":true,"enclave_options":true,"ephemeral_block_device":true,"host_id":true,"id":true,"instance_initiated_shutdown_behavior":true,"instance_state":true,"ipv6_address_count":true,"ipv6_addresses":true,"launch_template":[],"metadata_options":true,"monitoring":true,"network_interface":true,"outpost_arn":true,"password_data":true,"placement_group":true,"placement_partition_number":true,"primary_network_interface_id":true,"private_dns":true,"private_ip":true,"public_dns":true,"public_ip":true,"root_block_device":true,"secondary_private_ips":true,"security_groups":true,"subnet_id":true,"tags":{},"tags_all":{},"tenancy":true,"user_data":true,"user_data_base64":true,"vpc_security_group_ids":true},"before_sensitive":false,"after_sensitive":{"capacity_reservation_specification":[],"credit_specification":[],"ebs_block_device":[],"enclave_options":[],"ephemeral_block_device":[],"ipv6_addresses":[],"launch_template":[],"metadata_options":[],"network_interface":[],"root_block_device":[],"secondary_private_ips":[],"security_groups":[],"tags":{},"tags_all":{},"vpc_security_group_ids":[]}}},{"address":"module.dev_ec2.aws_volume_attachment.vol-attach","module_address":"module.dev_ec2","mode":"managed","type":"aws_volume_attachment","name":"vol-attach","provider_name":"registry.terraform.io/hashicorp/aws","change":{"actions":["create"],"before":null,"after":{"device_name":"/dev/sdf","force_detach":null,"skip_destroy":null,"stop_instance_before_detaching":null},"after_unknown":{"id":true,"instance_id":true,"volume_id":true},"before_sensitive":false,"after_sensitive":{}}},{"address":"module.dev_vpc.aws_eip.nat_eip","module_address":"module.dev_vpc","mode":"managed","type":"aws_eip","name":"nat_eip","provider_name":"registry.terraform.io/hashicorp/aws","change":{"actions":["create"],"before":null,"after":{"address":null,"associate_with_private_ip":null,"customer_owned_ipv4_pool":null,"tags":null,"timeouts":null,"vpc":true},"after_unknown":{"allocation_id":true,"association_id":true,"carrier_ip":true,"customer_owned_ip":true,"domain":true,"id":true,"instance":true,"network_border_group":true,"network_interface":true,"private_dns":true,"private_ip":true,"public_dns":true,"public_ip":true,"public_ipv4_pool":true,"tags_all":true},"before_sensitive":false,"after_sensitive":{"tags_all":{}}}},{"address":"module.dev_vpc.aws_internet_gateway.igw001","module_address":"module.dev_vpc","mode":"managed","type":"aws_internet_gateway","name":"igw001","provider_name":"registry.terraform.io/hashicorp/aws","change":{"actions":["create"],"before":null,"after":{"tags":{"Name":"igw"},"tags_all":{"Name":"igw"}},"after_unknown":{"arn":true,"id":true,"owner_id":true,"tags":{},"tags_all":{},"vpc_id":true},"before_sensitive":false,"after_sensitive":{"tags":{},"tags_all":{}}}},{"address":"module.dev_vpc.aws_nat_gateway.NATGW","module_address":"module.dev_vpc","mode":"managed","type":"aws_nat_gateway","name":"NATGW","provider_name":"registry.terraform.io/hashicorp/aws","change":{"actions":["create"],"before":null,"after":{"connectivity_type":"public","tags":{"Name":"Nat gw"},"tags_all":{"Name":"Nat gw"}},"after_unknown":{"allocation_id":true,"id":true,"network_interface_id":true,"private_ip":true,"public_ip":true,"subnet_id":true,"tags":{},"tags_all":{}},"before_sensitive":false,"after_sensitive":{"tags":{},"tags_all":{}}}},{"address":"module.dev_vpc.aws_route.public","module_address":"module.dev_vpc","mode":"managed","type":"aws_route","name":"public","provider_name":"registry.terraform.io/hashicorp/aws","change":{"actions":["create"],"before":null,"after":{"carrier_gateway_id":null,"destination_cidr_block":"0.0.0.0/0","destination_ipv6_cidr_block":null,"destination_prefix_list_id":null,"egress_only_gateway_id":null,"local_gateway_id":null,"nat_gateway_id":null,"timeouts":null,"transit_gateway_id":null,"vpc_endpoint_id":null,"vpc_peering_connection_id":null},"after_unknown":{"gateway_id":true,"id":true,"instance_id":true,"instance_owner_id":true,"network_interface_id":true,"origin":true,"route_table_id":true,"state":true},"before_sensitive":false,"after_sensitive":{}}},{"address":"module.dev_vpc.aws_route.via_natgw","module_address":"module.dev_vpc","mode":"managed","type":"aws_route","name":"via_natgw","provider_name":"registry.terraform.io/hashicorp/aws","change":{"actions":["create"],"before":null,"after":{"carrier_gateway_id":null,"destination_cidr_block":"0.0.0.0/0","destination_ipv6_cidr_block":null,"destination_prefix_list_id":null,"egress_only_gateway_id":null,"gateway_id":null,"local_gateway_id":null,"timeouts":null,"transit_gateway_id":null,"vpc_endpoint_id":null,"vpc_peering_connection_id":null},"after_unknown":{"id":true,"instance_id":true,"instance_owner_id":true,"nat_gateway_id":true,"network_interface_id":true,"origin":true,"route_table_id":true,"state":true},"before_sensitive":false,"after_sensitive":{}}},{"address":"module.dev_vpc.aws_route_table.External001","module_address":"module.dev_vpc","mode":"managed","type":"aws_route_table","name":"External001","provider_name":"registry.terraform.io/hashicorp/aws","change":{"actions":["create"],"before":null,"after":{"tags":{"Name":"Route Table","Scheme":"Public via Nat Gw"},"tags_all":{"Name":"Route Table","Scheme":"Public via Nat Gw"},"timeouts":null},"after_unknown":{"arn":true,"id":true,"owner_id":true,"propagating_vgws":true,"route":true,"tags":{},"tags_all":{},"vpc_id":true},"before_sensitive":false,"after_sensitive":{"propagating_vgws":[],"route":[],"tags":{},"tags_all":{}}}},{"address":"module.dev_vpc.aws_route_table.rt_public","module_address":"module.dev_vpc","mode":"managed","type":"aws_route_table","name":"rt_public","provider_name":"registry.terraform.io/hashicorp/aws","change":{"actions":["create"],"before":null,"after":{"tags":{"Name":"public-rt"},"tags_all":{"Name":"public-rt"},"timeouts":null},"after_unknown":{"arn":true,"id":true,"owner_id":true,"propagating_vgws":true,"route":true,"tags":{},"tags_all":{},"vpc_id":true},"before_sensitive":false,"after_sensitive":{"propagating_vgws":[],"route":[],"tags":{},"tags_all":{}}}},{"address":"module.dev_vpc.aws_route_table_association.external","module_address":"module.dev_vpc","mode":"managed","type":"aws_route_table_association","name":"external","provider_name":"registry.terraform.io/hashicorp/aws","change":{"actions":["create"],"before":null,"after":{"gateway_id":null},"after_unknown":{"id":true,"route_table_id":true,"subnet_id":true},"before_sensitive":false,"after_sensitive":{}}},{"address":"module.dev_vpc.aws_route_table_association.public","module_address":"module.dev_vpc","mode":"managed","type":"aws_route_table_association","name":"public","provider_name":"registry.terraform.io/hashicorp/aws","change":{"actions":["create"],"before":null,"after":{"gateway_id":null},"after_unknown":{"id":true,"route_table_id":true,"subnet_id":true},"before_sensitive":false,"after_sensitive":{}}},{"address":"module.dev_vpc.aws_security_group.Default_SG","module_address":"module.dev_vpc","mode":"managed","type":"aws_security_group","name":"Default_SG","provider_name":"registry.terraform.io/hashicorp/aws","change":{"actions":["create"],"before":null,"after":{"description":"Default Security Group","egress":[{"cidr_blocks":[],"description":"Allow all internal","from_port":0,"ipv6_cidr_blocks":[],"prefix_list_ids":[],"protocol":"-1","security_groups":[],"self":true,"to_port":0}],"ingress":[{"cidr_blocks":[],"description":"Allow all internal","from_port":0,"ipv6_cidr_blocks":[],"prefix_list_ids":[],"protocol":"-1","security_groups":[],"self":true,"to_port":0}],"name":"Default Security Group","revoke_rules_on_delete":false,"tags":null,"timeouts":null},"after_unknown":{"arn":true,"egress":[{"cidr_blocks":[],"ipv6_cidr_blocks":[],"prefix_list_ids":[],"security_groups":[]}],"id":true,"ingress":[{"cidr_blocks":[],"ipv6_cidr_blocks":[],"prefix_list_ids":[],"security_groups":[]}],"name_prefix":true,"owner_id":true,"tags_all":true,"vpc_id":true},"before_sensitive":false,"after_sensitive":{"egress":[{"cidr_blocks":[],"ipv6_cidr_blocks":[],"prefix_list_ids":[],"security_groups":[]}],"ingress":[{"cidr_blocks":[],"ipv6_cidr_blocks":[],"prefix_list_ids":[],"security_groups":[]}],"tags_all":{}}}},{"address":"module.dev_vpc.aws_security_group.Open_to_WWW","module_address":"module.dev_vpc","mode":"managed","type":"aws_security_group","name":"Open_to_WWW","provider_name":"registry.terraform.io/hashicorp/aws","change":{"actions":["create"],"before":null,"after":{"description":"SG Open to WWW","egress":[{"cidr_blocks":["0.0.0.0/0"],"description":"","from_port":0,"ipv6_cidr_blocks":[],"prefix_list_ids":[],"protocol":"-1","security_groups":[],"self":false,"to_port":0}],"ingress":[{"cidr_blocks":["0.0.0.0/0"],"description":"","from_port":22,"ipv6_cidr_blocks":[],"prefix_list_ids":[],"protocol":"tcp","security_groups":[],"self":false,"to_port":22}],"name":"Open to WWW","revoke_rules_on_delete":false,"tags":null,"timeouts":null},"after_unknown":{"arn":true,"egress":[{"cidr_blocks":[false],"ipv6_cidr_blocks":[],"prefix_list_ids":[],"security_groups":[]}],"id":true,"ingress":[{"cidr_blocks":[false],"ipv6_cidr_blocks":[],"prefix_list_ids":[],"security_groups":[]}],"name_prefix":true,"owner_id":true,"tags_all":true,"vpc_id":true},"before_sensitive":false,"after_sensitive":{"egress":[{"cidr_blocks":[false],"ipv6_cidr_blocks":[],"prefix_list_ids":[],"security_groups":[]}],"ingress":[{"cidr_blocks":[false],"ipv6_cidr_blocks":[],"prefix_list_ids":[],"security_groups":[]}],"tags_all":{}}}},{"address":"module.dev_vpc.aws_subnet.ext_subnet","module_address":"module.dev_vpc","mode":"managed","type":"aws_subnet","name":"ext_subnet","provider_name":"registry.terraform.io/hashicorp/aws","change":{"actions":["create"],"before":null,"after":{"assign_ipv6_address_on_creation":false,"cidr_block":"10.0.1.0/24","customer_owned_ipv4_pool":null,"enable_dns64":false,"enable_resource_name_dns_a_record_on_launch":false,"enable_resource_name_dns_aaaa_record_on_launch":false,"ipv6_cidr_block":null,"ipv6_native":false,"map_customer_owned_ip_on_launch":null,"map_public_ip_on_launch":false,"outpost_arn":null,"tags":{"Environment":"dev","Name":"private"},"tags_all":{"Environment":"dev","Name":"private"},"timeouts":null,"vpc_id":""},"after_unknown":{"arn":true,"availability_zone":true,"availability_zone_id":true,"id":true,"ipv6_cidr_block_association_id":true,"owner_id":true,"private_dns_hostname_type_on_launch":true,"tags":{},"tags_all":{}},"before_sensitive":false,"after_sensitive":{"tags":{},"tags_all":{}}}},{"address":"module.dev_vpc.aws_subnet.int_subnet","module_address":"module.dev_vpc","mode":"managed","type":"aws_subnet","name":"int_subnet","provider_name":"registry.terraform.io/hashicorp/aws","change":{"actions":["create"],"before":null,"after":{"assign_ipv6_address_on_creation":false,"cidr_block":"10.0.2.0/24","customer_owned_ipv4_pool":null,"enable_dns64":false,"enable_resource_name_dns_a_record_on_launch":false,"enable_resource_name_dns_aaaa_record_on_launch":false,"ipv6_cidr_block":null,"ipv6_native":false,"map_customer_owned_ip_on_launch":null,"map_public_ip_on_launch":false,"outpost_arn":null,"tags":{"Environment":"dev","Name":"private"},"tags_all":{"Environment":"dev","Name":"private"},"timeouts":null,"vpc_id":""},"after_unknown":{"arn":true,"availability_zone":true,"availability_zone_id":true,"id":true,"ipv6_cidr_block_association_id":true,"owner_id":true,"private_dns_hostname_type_on_launch":true,"tags":{},"tags_all":{}},"before_sensitive":false,"after_sensitive":{"tags":{},"tags_all":{}}}},{"address":"module.dev_vpc.aws_subnet.pub_subnet","module_address":"module.dev_vpc","mode":"managed","type":"aws_subnet","name":"pub_subnet","provider_name":"registry.terraform.io/hashicorp/aws","change":{"actions":["create"],"before":null,"after":{"assign_ipv6_address_on_creation":false,"cidr_block":"10.0.3.0/24","customer_owned_ipv4_pool":null,"enable_dns64":false,"enable_resource_name_dns_a_record_on_launch":false,"enable_resource_name_dns_aaaa_record_on_launch":false,"ipv6_cidr_block":null,"ipv6_native":false,"map_customer_owned_ip_on_launch":null,"map_public_ip_on_launch":true,"outpost_arn":null,"tags":{"scheme":"ext"},"tags_all":{"scheme":"ext"},"timeouts":null,"vpc_id":""},"after_unknown":{"arn":true,"availability_zone":true,"availability_zone_id":true,"id":true,"ipv6_cidr_block_association_id":true,"owner_id":true,"private_dns_hostname_type_on_launch":true,"tags":{},"tags_all":{}},"before_sensitive":false,"after_sensitive":{"tags":{},"tags_all":{}}}},{"address":"module.dev_vpc.aws_vpc.main","module_address":"module.dev_vpc","mode":"managed","type":"aws_vpc","name":"main","provider_name":"registry.terraform.io/hashicorp/aws","change":{"actions":["create"],"before":null,"after":{"assign_generated_ipv6_cidr_block":null,"cidr_block":"10.0.0.0/16","enable_dns_support":true,"instance_tenancy":"default","ipv4_ipam_pool_id":null,"ipv4_netmask_length":null,"ipv6_ipam_pool_id":null,"ipv6_netmask_length":null,"tags":{"Name":"random"},"tags_all":{"Name":"random"}},"after_unknown":{"arn":true,"default_network_acl_id":true,"default_route_table_id":true,"default_security_group_id":true,"dhcp_options_id":true,"enable_classiclink":true,"enable_classiclink_dns_support":true,"enable_dns_hostnames":true,"id":true,"ipv6_association_id":true,"ipv6_cidr_block":true,"ipv6_cidr_block_network_border_group":true,"main_route_table_id":true,"owner_id":true,"tags":{},"tags_all":{}},"before_sensitive":false,"after_sensitive":{"tags":{},"tags_all":{}}}}],"prior_state":{"format_version":"0.1","terraform_version":"0.15.0","values":{"root_module":{"child_modules":[{"resources":[{"address":"module.dev_ec2.data.aws_ami.latest-rhel8","mode":"data","type":"aws_ami","name":"latest-rhel8","provider_name":"registry.terraform.io/hashicorp/aws","schema_version":0,"values":{"architecture":"x86_64","arn":"arn:aws:ec2:ap-southeast-2::image/ami-016461ac55b16fd05","block_device_mappings":[{"device_name":"/dev/sda1","ebs":{"delete_on_termination":"true","encrypted":"false","iops":"0","snapshot_id":"snap-0fe115b5d44690fa0","throughput":"0","volume_size":"10","volume_type":"gp2"},"no_device":"","virtual_name":""}],"creation_date":"2021-05-18T18:48:14.000Z","description":"Provided by Red Hat, Inc.","ena_support":true,"executable_users":null,"filter":[{"name":"name","values":["RHEL_HA-8.4.0_HVM*"]},{"name":"virtualization-type","values":["hvm"]}],"hypervisor":"xen","id":"ami-016461ac55b16fd05","image_id":"ami-016461ac55b16fd05","image_location":"309956199498/RHEL_HA-8.4.0_HVM-20210504-x86_64-2-Hourly2-GP2","image_owner_alias":null,"image_type":"machine","kernel_id":null,"most_recent":true,"name":"RHEL_HA-8.4.0_HVM-20210504-x86_64-2-Hourly2-GP2","name_regex":null,"owner_id":"309956199498","owners":["309956199498"],"platform":null,"platform_details":"Red Hat Enterprise Linux with High Availability","product_codes":[],"public":true,"ramdisk_id":null,"root_device_name":"/dev/sda1","root_device_type":"ebs","root_snapshot_id":"snap-0fe115b5d44690fa0","sriov_net_support":"simple","state":"available","state_reason":{"code":"UNSET","message":"UNSET"},"tags":{},"usage_operation":"RunInstances:1010","virtualization_type":"hvm"}}],"address":"module.dev_ec2"}]}}},"configuration":{"provider_config":{"aws":{"name":"aws","version_constraint":"~\u003e 3.0","expressions":{"region":{"constant_value":"ap-southeast-2"}}}},"root_module":{"resources":[{"address":"aws_s3_bucket.mayanks281183bucket","mode":"managed","type":"aws_s3_bucket","name":"mayanks281183bucket","provider_config_key":"aws","expressions":{"acl":{"constant_value":"private"},"bucket":{"constant_value":"mykshrtfbckend01"},"server_side_encryption_configuration":[{"rule":[{"apply_server_side_encryption_by_default":[{"sse_algorithm":{"constant_value":"AES256"}}]}]}],"versioning":[{"enabled":{"constant_value":"true"}}]},"schema_version":0}],"module_calls":{"dev_ec2":{"source":"../modules/ec2","expressions":{"rhel_ami_id":{"references":["module.dev_ec2.rhel8_ami"]},"subnet_id":{"references":["module.dev_vpc.int_subnet_id"]}},"module":{"outputs":{"rhel8_ami":{"expression":{"references":["data.aws_ami.latest-rhel8"]}}},"resources":[{"address":"aws_ebs_volume.basic_disk","mode":"managed","type":"aws_ebs_volume","name":"basic_disk","provider_config_key":"dev_ec2:aws","expressions":{"availability_zone":{"references":["var.az"]},"size":{"constant_value":400},"tags":{"constant_value":{"Name":"disk1"}}},"schema_version":0},{"address":"aws_instance.box","mode":"managed","type":"aws_instance","name":"box","provider_config_key":"dev_ec2:aws","expressions":{"ami":{"references":["var.rhel_ami_id"]},"instance_type":{"references":["var.instance_type"]},"key_name":{"constant_value":"testkp"},"subnet_id":{"references":["var.subnet_id"]},"tags":{"constant_value":{"Builtby":"Terraform"}}},"schema_version":1},{"address":"aws_volume_attachment.vol-attach","mode":"managed","type":"aws_volume_attachment","name":"vol-attach","provider_config_key":"dev_ec2:aws","expressions":{"device_name":{"constant_value":"/dev/sdf"},"instance_id":{"references":["aws_instance.box"]},"volume_id":{"references":["aws_ebs_volume.basic_disk"]}},"schema_version":0},{"address":"data.aws_ami.latest-rhel8","mode":"data","type":"aws_ami","name":"latest-rhel8","provider_config_key":"dev_ec2:aws","expressions":{"filter":[{"name":{"constant_value":"name"},"values":{"constant_value":["RHEL_HA-8.4.0_HVM*"]}},{"name":{"constant_value":"virtualization-type"},"values":{"constant_value":["hvm"]}}],"most_recent":{"constant_value":"true"},"owners":{"constant_value":["309956199498"]}},"schema_version":0}],"variables":{"az":{"default":"ap-southeast-2b"},"instance_type":{"default":"t3.large"},"rhel_ami_id":{},"subnet_id":{}}}},"dev_vpc":{"source":"../modules/vpc","module":{"outputs":{"ext_subnet_id":{"expression":{"references":["aws_subnet.ext_subnet"]}},"int_subnet_id":{"expression":{"references":["aws_subnet.int_subnet"]}},"pub_subnet":{"expression":{"references":["aws_subnet.pub_subnet"]}},"vpc_id":{"expression":{"references":["aws_vpc.main"]}}},"resources":[{"address":"aws_eip.nat_eip","mode":"managed","type":"aws_eip","name":"nat_eip","provider_config_key":"dev_vpc:aws","expressions":{"vpc":{"constant_value":true}},"schema_version":0,"depends_on":["aws_internet_gateway.igw001"]},{"address":"aws_internet_gateway.igw001","mode":"managed","type":"aws_internet_gateway","name":"igw001","provider_config_key":"dev_vpc:aws","expressions":{"tags":{"constant_value":{"Name":"igw"}},"vpc_id":{"references":["aws_vpc.main"]}},"schema_version":0},{"address":"aws_nat_gateway.NATGW","mode":"managed","type":"aws_nat_gateway","name":"NATGW","provider_config_key":"dev_vpc:aws","expressions":{"allocation_id":{"references":["aws_eip.nat_eip"]},"subnet_id":{"references":["aws_subnet.ext_subnet"]},"tags":{"constant_value":{"Name":"Nat gw"}}},"schema_version":0,"depends_on":["aws_internet_gateway.igw001"]},{"address":"aws_route.public","mode":"managed","type":"aws_route","name":"public","provider_config_key":"dev_vpc:aws","expressions":{"destination_cidr_block":{"constant_value":"0.0.0.0/0"},"gateway_id":{"references":["aws_internet_gateway.igw001"]},"route_table_id":{"references":["aws_route_table.rt_public"]}},"schema_version":0},{"address":"aws_route.via_natgw","mode":"managed","type":"aws_route","name":"via_natgw","provider_config_key":"dev_vpc:aws","expressions":{"destination_cidr_block":{"constant_value":"0.0.0.0/0"},"nat_gateway_id":{"references":["aws_nat_gateway.NATGW"]},"route_table_id":{"references":["aws_route_table.External001"]}},"schema_version":0},{"address":"aws_route_table.External001","mode":"managed","type":"aws_route_table","name":"External001","provider_config_key":"dev_vpc:aws","expressions":{"tags":{"constant_value":{"Name":"Route Table","Scheme":"Public via Nat Gw"}},"vpc_id":{"references":["aws_vpc.main"]}},"schema_version":0},{"address":"aws_route_table.rt_public","mode":"managed","type":"aws_route_table","name":"rt_public","provider_config_key":"dev_vpc:aws","expressions":{"tags":{"constant_value":{"Name":"public-rt"}},"vpc_id":{"references":["aws_vpc.main"]}},"schema_version":0},{"address":"aws_route_table_association.external","mode":"managed","type":"aws_route_table_association","name":"external","provider_config_key":"dev_vpc:aws","expressions":{"route_table_id":{"references":["aws_route_table.External001"]},"subnet_id":{"references":["aws_subnet.ext_subnet"]}},"schema_version":0},{"address":"aws_route_table_association.public","mode":"managed","type":"aws_route_table_association","name":"public","provider_config_key":"dev_vpc:aws","expressions":{"route_table_id":{"references":["aws_route_table.rt_public"]},"subnet_id":{"references":["aws_subnet.pub_subnet"]}},"schema_version":0},{"address":"aws_security_group.Default_SG","mode":"managed","type":"aws_security_group","name":"Default_SG","provider_config_key":"dev_vpc:aws","expressions":{"description":{"constant_value":"Default Security Group"},"name":{"constant_value":"Default Security Group"},"vpc_id":{"references":["aws_vpc.main"]}},"schema_version":1},{"address":"aws_security_group.Open_to_WWW","mode":"managed","type":"aws_security_group","name":"Open_to_WWW","provider_config_key":"dev_vpc:aws","expressions":{"description":{"constant_value":"SG Open to WWW"},"name":{"constant_value":"Open to WWW"},"vpc_id":{"references":["aws_vpc.main"]}},"schema_version":1},{"address":"aws_subnet.ext_subnet","mode":"managed","type":"aws_subnet","name":"ext_subnet","provider_config_key":"dev_vpc:aws","expressions":{"cidr_block":{"references":["var.subnet_cidr"]},"tags":{"constant_value":{"Environment":"dev","Name":"private"}},"vpc_id":{"references":["var.vpc_id"]}},"schema_version":1},{"address":"aws_subnet.int_subnet","mode":"managed","type":"aws_subnet","name":"int_subnet","provider_config_key":"dev_vpc:aws","expressions":{"cidr_block":{"references":["var.subnet_cidr2"]},"tags":{"constant_value":{"Environment":"dev","Name":"private"}},"vpc_id":{"references":["var.vpc_id"]}},"schema_version":1},{"address":"aws_subnet.pub_subnet","mode":"managed","type":"aws_subnet","name":"pub_subnet","provider_config_key":"dev_vpc:aws","expressions":{"cidr_block":{"references":["var.pub_subnet_cidr"]},"map_public_ip_on_launch":{"constant_value":true},"tags":{"constant_value":{"scheme":"ext"}},"vpc_id":{"references":["var.vpc_id"]}},"schema_version":1},{"address":"aws_vpc.main","mode":"managed","type":"aws_vpc","name":"main","provider_config_key":"dev_vpc:aws","expressions":{"cidr_block":{"references":["var.vpc_cidr"]},"instance_tenancy":{"references":["var.tenancy"]},"tags":{"constant_value":{"Name":"random"}}},"schema_version":1}],"variables":{"pub_subnet_cidr":{"default":"10.0.3.0/24"},"subnet_cidr":{"default":"10.0.1.0/24"},"subnet_cidr2":{"default":"10.0.2.0/24"},"tenancy":{"default":"default"},"vpc_cidr":{"default":"10.0.0.0/16"},"vpc_id":{"default":""}}}}}}}}
